{
  "name": "converter-test",
  "version": "1.0.0",
  "lockfileVersion": 1,
  "requires": true,
  "dependencies": {
    "jsplumb": {
      "version": "2.11.2",
      "resolved": "https://registry.npmjs.org/jsplumb/-/jsplumb-2.11.2.tgz",
      "integrity": "sha512-GyZE8l2JeZ0haOzHhsgykD8k1j5st1v2nNWaNNMqmRmGU43iuP9iBDAXDxmGNPp1t+4W++sT1SkbI8754YMtIg=="
    },
    "monaco-editor": {
      "version": "0.18.0",
      "resolved": "https://registry.npmjs.org/monaco-editor/-/monaco-editor-0.18.0.tgz",
      "integrity": "sha512-nNaKGNdeXwDxzmtrbJKn5q30jcuu+l7eMtaCDA4eLagvx66/joYvSiGkL/Nx4L0cZKM7ASu+fPIr3kmjEr5Ncg=="
    },
    "nodejs": {
      "version": "0.0.0",
      "resolved": "https://registry.npmjs.org/nodejs/-/nodejs-0.0.0.tgz",
      "integrity": "sha1-RyL6LhisTrc6Qq4W0B41hKErdTE="
    },
    "vkbeautify": {
      "version": "0.99.3",
      "resolved": "https://registry.npmjs.org/vkbeautify/-/vkbeautify-0.99.3.tgz",
      "integrity": "sha512-2ozZEFfmVvQcHWoHLNuiKlUfDKlhh4KGsy54U0UrlLMR1SO+XKAIDqBxtBwHgNrekurlJwE8A9K6L49T78ZQ9Q=="
    },
    "xmllint": {
      "version": "0.1.1",
      "resolved": "https://registry.npmjs.org/xmllint/-/xmllint-0.1.1.tgz",
      "integrity": "sha1-iT3RZvv4F5FdzKB6kxIenCPk3OA="
    }
  }
}
